uuid: 74d9638f-4c55-40ed-9f70-e754132f429b
langcode: fr
status: true
dependencies:
  module:
    - amp_contribution
    - system
  theme:
    - amp
id: amp_contrib_block
theme: amp
region: content
weight: -2
provider: null
plugin: amp_contribution_block
settings:
  id: amp_contribution_block
  label: 'AMP Contribution Block'
  provider: amp_contribution
  label_display: '0'
visibility:
  request_path:
    id: request_path
    pages: '<front>'
    negate: false
    context_mapping: {  }
