uuid: 28439917-b156-4317-9fa2-8913217e78f4
langcode: fr
status: true
dependencies:
  module:
    - paragraphs
    - text
id: paragraph.field_colored_block
field_name: field_colored_block
entity_type: paragraph
type: text_long
settings: {  }
module: text
locked: false
cardinality: 1
translatable: true
indexes: {  }
persist_with_no_fields: false
custom_storage: false
